
Microsoft Visual Studio Solution File, Format Version 12.00
# Visual Studio Version 17
VisualStudioVersion = 17.7.34024.191
MinimumVisualStudioVersion = 10.0.40219.1
Project("{8BC9CEB8-8B4A-11D0-8D11-00A0C91BC942}") = "Tic tac toe", "Tic tac toe.vcxproj", "{0ABF0EE1-4FD9-4155-BEF9-B4A7D9442444}"
EndProject
Global
	GlobalSection(SolutionConfigurationPlatforms) = preSolution
		Debug|x64 = Debug|x64
		Debug|x86 = Debug|x86
		Release|x64 = Release|x64
		Release|x86 = Release|x86
	EndGlobalSection
	GlobalSection(ProjectConfigurationPlatforms) = postSolution
		{0ABF0EE1-4FD9-4155-BEF9-B4A7D9442444}.Debug|x64.ActiveCfg = Debug|x64
		{0ABF0EE1-4FD9-4155-BEF9-B4A7D9442444}.Debug|x64.Build.0 = Debug|x64
		{0ABF0EE1-4FD9-4155-BEF9-B4A7D9442444}.Debug|x86.ActiveCfg = Debug|Win32
		{0ABF0EE1-4FD9-4155-BEF9-B4A7D9442444}.Debug|x86.Build.0 = Debug|Win32
		{0ABF0EE1-4FD9-4155-BEF9-B4A7D9442444}.Release|x64.ActiveCfg = Release|x64
		{0ABF0EE1-4FD9-4155-BEF9-B4A7D9442444}.Release|x64.Build.0 = Release|x64
		{0ABF0EE1-4FD9-4155-BEF9-B4A7D9442444}.Release|x86.ActiveCfg = Release|Win32
		{0ABF0EE1-4FD9-4155-BEF9-B4A7D9442444}.Release|x86.Build.0 = Release|Win32
	EndGlobalSection
	GlobalSection(SolutionProperties) = preSolution
		HideSolutionNode = FALSE
	EndGlobalSection
	GlobalSection(ExtensibilityGlobals) = postSolution
		SolutionGuid = {436D4C25-A1AD-4743-A702-D940BEA4E4F4}
	EndGlobalSection
EndGlobal
